
Microsoft Visual Studio Solution File, Format Version 12.00
Project("{FAE04EC0-301F-11D3-BF4B-00C04F79EFBC}") = "BuilderPattern", "BuilderPattern\BuilderPattern.csproj", "{E3B7786E-D637-476B-B096-AB1369785016}"
EndProject
Project("{FAE04EC0-301F-11D3-BF4B-00C04F79EFBC}") = "MultifacetedBuilder", "MultifacetedBuilder\MultifacetedBuilder.csproj", "{60416523-31AF-442F-AEC2-54E2810EB62B}"
EndProject
Project("{FAE04EC0-301F-11D3-BF4B-00C04F79EFBC}") = "BuilderWithRecursiveGenerics", "BuilderWithRecursiveGenerics\BuilderWithRecursiveGenerics.csproj", "{E7FD1362-EECE-4DA0-B5E5-D447F970F121}"
EndProject
Project("{FAE04EC0-301F-11D3-BF4B-00C04F79EFBC}") = "Functional Builder", "Functional Builder\Functional Builder.csproj", "{22B7A470-70CD-4963-918F-3DA0400209E2}"
EndProject
Project("{FAE04EC0-301F-11D3-BF4B-00C04F79EFBC}") = "BuilderParameter", "BuilderParameter\BuilderParameter.csproj", "{B7002403-4542-4E64-A526-962CE12F1F64}"
EndProject
Global
	GlobalSection(SolutionConfigurationPlatforms) = preSolution
		Debug|Any CPU = Debug|Any CPU
		Release|Any CPU = Release|Any CPU
	EndGlobalSection
	GlobalSection(ProjectConfigurationPlatforms) = postSolution
		{E3B7786E-D637-476B-B096-AB1369785016}.Debug|Any CPU.ActiveCfg = Debug|Any CPU
		{E3B7786E-D637-476B-B096-AB1369785016}.Debug|Any CPU.Build.0 = Debug|Any CPU
		{E3B7786E-D637-476B-B096-AB1369785016}.Release|Any CPU.ActiveCfg = Release|Any CPU
		{E3B7786E-D637-476B-B096-AB1369785016}.Release|Any CPU.Build.0 = Release|Any CPU
		{60416523-31AF-442F-AEC2-54E2810EB62B}.Debug|Any CPU.ActiveCfg = Debug|Any CPU
		{60416523-31AF-442F-AEC2-54E2810EB62B}.Debug|Any CPU.Build.0 = Debug|Any CPU
		{60416523-31AF-442F-AEC2-54E2810EB62B}.Release|Any CPU.ActiveCfg = Release|Any CPU
		{60416523-31AF-442F-AEC2-54E2810EB62B}.Release|Any CPU.Build.0 = Release|Any CPU
		{E7FD1362-EECE-4DA0-B5E5-D447F970F121}.Debug|Any CPU.ActiveCfg = Debug|Any CPU
		{E7FD1362-EECE-4DA0-B5E5-D447F970F121}.Debug|Any CPU.Build.0 = Debug|Any CPU
		{E7FD1362-EECE-4DA0-B5E5-D447F970F121}.Release|Any CPU.ActiveCfg = Release|Any CPU
		{E7FD1362-EECE-4DA0-B5E5-D447F970F121}.Release|Any CPU.Build.0 = Release|Any CPU
		{22B7A470-70CD-4963-918F-3DA0400209E2}.Debug|Any CPU.ActiveCfg = Debug|Any CPU
		{22B7A470-70CD-4963-918F-3DA0400209E2}.Debug|Any CPU.Build.0 = Debug|Any CPU
		{22B7A470-70CD-4963-918F-3DA0400209E2}.Release|Any CPU.ActiveCfg = Release|Any CPU
		{22B7A470-70CD-4963-918F-3DA0400209E2}.Release|Any CPU.Build.0 = Release|Any CPU
		{B7002403-4542-4E64-A526-962CE12F1F64}.Debug|Any CPU.ActiveCfg = Debug|Any CPU
		{B7002403-4542-4E64-A526-962CE12F1F64}.Debug|Any CPU.Build.0 = Debug|Any CPU
		{B7002403-4542-4E64-A526-962CE12F1F64}.Release|Any CPU.ActiveCfg = Release|Any CPU
		{B7002403-4542-4E64-A526-962CE12F1F64}.Release|Any CPU.Build.0 = Release|Any CPU
	EndGlobalSection
EndGlobal
